
Microsoft Visual Studio Solution File, Format Version 12.00
# Visual Studio Version 16
VisualStudioVersion = 16.0.30114.105
MinimumVisualStudioVersion = 10.0.40219.1
Project("{2150E333-8FDC-42A3-9474-1A3956D46DE8}") = "cc-loops", "cc-loops", "{54CD549A-1A32-44FB-AB59-911C311DE651}"
EndProject
Project("{FAE04EC0-301F-11D3-BF4B-00C04F79EFBC}") = "loops", "cc-loops\loops\loops.csproj", "{C5DF644B-AE82-4412-B3B9-B96609F92045}"
EndProject
Project("{2150E333-8FDC-42A3-9474-1A3956D46DE8}") = "aa-sequence", "aa-sequence", "{68E3A7E6-D6D9-429D-A48C-58EAC77C6330}"
EndProject
Project("{FAE04EC0-301F-11D3-BF4B-00C04F79EFBC}") = "sequence", "aa-sequence\sequence\sequence.csproj", "{05EBC274-2648-4AD4-8389-427DB91BA29B}"
EndProject
Project("{2150E333-8FDC-42A3-9474-1A3956D46DE8}") = "bb-decision", "bb-decision", "{A23194BA-8349-49A4-B3FB-2D0AE04BFF4F}"
EndProject
Project("{FAE04EC0-301F-11D3-BF4B-00C04F79EFBC}") = "decision", "bb-decision\decision\decision.csproj", "{5956665D-234B-4377-A7F2-486EF553CCAA}"
EndProject
Project("{2150E333-8FDC-42A3-9474-1A3956D46DE8}") = "dd-files", "dd-files", "{DF79DEE4-51C8-4C58-A782-5A4D300ED777}"
EndProject
Project("{FAE04EC0-301F-11D3-BF4B-00C04F79EFBC}") = "files", "dd-files\files\files.csproj", "{E69FA5F3-E3F9-4099-B5E1-9F34202C43B7}"
EndProject
Global
	GlobalSection(SolutionConfigurationPlatforms) = preSolution
		Debug|Any CPU = Debug|Any CPU
		Debug|x64 = Debug|x64
		Debug|x86 = Debug|x86
		Release|Any CPU = Release|Any CPU
		Release|x64 = Release|x64
		Release|x86 = Release|x86
	EndGlobalSection
	GlobalSection(SolutionProperties) = preSolution
		HideSolutionNode = FALSE
	EndGlobalSection
	GlobalSection(ProjectConfigurationPlatforms) = postSolution
		{C5DF644B-AE82-4412-B3B9-B96609F92045}.Debug|Any CPU.ActiveCfg = Debug|Any CPU
		{C5DF644B-AE82-4412-B3B9-B96609F92045}.Debug|Any CPU.Build.0 = Debug|Any CPU
		{C5DF644B-AE82-4412-B3B9-B96609F92045}.Debug|x64.ActiveCfg = Debug|Any CPU
		{C5DF644B-AE82-4412-B3B9-B96609F92045}.Debug|x64.Build.0 = Debug|Any CPU
		{C5DF644B-AE82-4412-B3B9-B96609F92045}.Debug|x86.ActiveCfg = Debug|Any CPU
		{C5DF644B-AE82-4412-B3B9-B96609F92045}.Debug|x86.Build.0 = Debug|Any CPU
		{C5DF644B-AE82-4412-B3B9-B96609F92045}.Release|Any CPU.ActiveCfg = Release|Any CPU
		{C5DF644B-AE82-4412-B3B9-B96609F92045}.Release|Any CPU.Build.0 = Release|Any CPU
		{C5DF644B-AE82-4412-B3B9-B96609F92045}.Release|x64.ActiveCfg = Release|Any CPU
		{C5DF644B-AE82-4412-B3B9-B96609F92045}.Release|x64.Build.0 = Release|Any CPU
		{C5DF644B-AE82-4412-B3B9-B96609F92045}.Release|x86.ActiveCfg = Release|Any CPU
		{C5DF644B-AE82-4412-B3B9-B96609F92045}.Release|x86.Build.0 = Release|Any CPU
		{05EBC274-2648-4AD4-8389-427DB91BA29B}.Debug|Any CPU.ActiveCfg = Debug|Any CPU
		{05EBC274-2648-4AD4-8389-427DB91BA29B}.Debug|Any CPU.Build.0 = Debug|Any CPU
		{05EBC274-2648-4AD4-8389-427DB91BA29B}.Debug|x64.ActiveCfg = Debug|Any CPU
		{05EBC274-2648-4AD4-8389-427DB91BA29B}.Debug|x64.Build.0 = Debug|Any CPU
		{05EBC274-2648-4AD4-8389-427DB91BA29B}.Debug|x86.ActiveCfg = Debug|Any CPU
		{05EBC274-2648-4AD4-8389-427DB91BA29B}.Debug|x86.Build.0 = Debug|Any CPU
		{05EBC274-2648-4AD4-8389-427DB91BA29B}.Release|Any CPU.ActiveCfg = Release|Any CPU
		{05EBC274-2648-4AD4-8389-427DB91BA29B}.Release|Any CPU.Build.0 = Release|Any CPU
		{05EBC274-2648-4AD4-8389-427DB91BA29B}.Release|x64.ActiveCfg = Release|Any CPU
		{05EBC274-2648-4AD4-8389-427DB91BA29B}.Release|x64.Build.0 = Release|Any CPU
		{05EBC274-2648-4AD4-8389-427DB91BA29B}.Release|x86.ActiveCfg = Release|Any CPU
		{05EBC274-2648-4AD4-8389-427DB91BA29B}.Release|x86.Build.0 = Release|Any CPU
		{5956665D-234B-4377-A7F2-486EF553CCAA}.Debug|Any CPU.ActiveCfg = Debug|Any CPU
		{5956665D-234B-4377-A7F2-486EF553CCAA}.Debug|Any CPU.Build.0 = Debug|Any CPU
		{5956665D-234B-4377-A7F2-486EF553CCAA}.Debug|x64.ActiveCfg = Debug|Any CPU
		{5956665D-234B-4377-A7F2-486EF553CCAA}.Debug|x64.Build.0 = Debug|Any CPU
		{5956665D-234B-4377-A7F2-486EF553CCAA}.Debug|x86.ActiveCfg = Debug|Any CPU
		{5956665D-234B-4377-A7F2-486EF553CCAA}.Debug|x86.Build.0 = Debug|Any CPU
		{5956665D-234B-4377-A7F2-486EF553CCAA}.Release|Any CPU.ActiveCfg = Release|Any CPU
		{5956665D-234B-4377-A7F2-486EF553CCAA}.Release|Any CPU.Build.0 = Release|Any CPU
		{5956665D-234B-4377-A7F2-486EF553CCAA}.Release|x64.ActiveCfg = Release|Any CPU
		{5956665D-234B-4377-A7F2-486EF553CCAA}.Release|x64.Build.0 = Release|Any CPU
		{5956665D-234B-4377-A7F2-486EF553CCAA}.Release|x86.ActiveCfg = Release|Any CPU
		{5956665D-234B-4377-A7F2-486EF553CCAA}.Release|x86.Build.0 = Release|Any CPU
		{E69FA5F3-E3F9-4099-B5E1-9F34202C43B7}.Debug|Any CPU.ActiveCfg = Debug|Any CPU
		{E69FA5F3-E3F9-4099-B5E1-9F34202C43B7}.Debug|Any CPU.Build.0 = Debug|Any CPU
		{E69FA5F3-E3F9-4099-B5E1-9F34202C43B7}.Debug|x64.ActiveCfg = Debug|Any CPU
		{E69FA5F3-E3F9-4099-B5E1-9F34202C43B7}.Debug|x64.Build.0 = Debug|Any CPU
		{E69FA5F3-E3F9-4099-B5E1-9F34202C43B7}.Debug|x86.ActiveCfg = Debug|Any CPU
		{E69FA5F3-E3F9-4099-B5E1-9F34202C43B7}.Debug|x86.Build.0 = Debug|Any CPU
		{E69FA5F3-E3F9-4099-B5E1-9F34202C43B7}.Release|Any CPU.ActiveCfg = Release|Any CPU
		{E69FA5F3-E3F9-4099-B5E1-9F34202C43B7}.Release|Any CPU.Build.0 = Release|Any CPU
		{E69FA5F3-E3F9-4099-B5E1-9F34202C43B7}.Release|x64.ActiveCfg = Release|Any CPU
		{E69FA5F3-E3F9-4099-B5E1-9F34202C43B7}.Release|x64.Build.0 = Release|Any CPU
		{E69FA5F3-E3F9-4099-B5E1-9F34202C43B7}.Release|x86.ActiveCfg = Release|Any CPU
		{E69FA5F3-E3F9-4099-B5E1-9F34202C43B7}.Release|x86.Build.0 = Release|Any CPU
	EndGlobalSection
	GlobalSection(NestedProjects) = preSolution
		{C5DF644B-AE82-4412-B3B9-B96609F92045} = {54CD549A-1A32-44FB-AB59-911C311DE651}
		{05EBC274-2648-4AD4-8389-427DB91BA29B} = {68E3A7E6-D6D9-429D-A48C-58EAC77C6330}
		{5956665D-234B-4377-A7F2-486EF553CCAA} = {A23194BA-8349-49A4-B3FB-2D0AE04BFF4F}
		{E69FA5F3-E3F9-4099-B5E1-9F34202C43B7} = {DF79DEE4-51C8-4C58-A782-5A4D300ED777}
	EndGlobalSection
EndGlobal
